
Microsoft Visual Studio Solution File, Format Version 12.00
# Visual Studio Version 17
VisualStudioVersion = 17.9.34723.18
MinimumVisualStudioVersion = 10.0.40219.1
Project("{FAE04EC0-301F-11D3-BF4B-00C04F79EFBC}") = "ClosedXMLExample", "ClosedXMLExample\ClosedXMLExample.csproj", "{C404E0C5-9653-4A64-8A8B-2A6AB01F9872}"
EndProject
Global
	GlobalSection(SolutionConfigurationPlatforms) = preSolution
		Debug|Any CPU = Debug|Any CPU
		Release|Any CPU = Release|Any CPU
	EndGlobalSection
	GlobalSection(ProjectConfigurationPlatforms) = postSolution
		{C404E0C5-9653-4A64-8A8B-2A6AB01F9872}.Debug|Any CPU.ActiveCfg = Debug|Any CPU
		{C404E0C5-9653-4A64-8A8B-2A6AB01F9872}.Debug|Any CPU.Build.0 = Debug|Any CPU
		{C404E0C5-9653-4A64-8A8B-2A6AB01F9872}.Release|Any CPU.ActiveCfg = Release|Any CPU
		{C404E0C5-9653-4A64-8A8B-2A6AB01F9872}.Release|Any CPU.Build.0 = Release|Any CPU
	EndGlobalSection
	GlobalSection(SolutionProperties) = preSolution
		HideSolutionNode = FALSE
	EndGlobalSection
	GlobalSection(ExtensibilityGlobals) = postSolution
		SolutionGuid = {3D1DCE55-49C8-4719-8379-21CE2D8F8CF3}
	EndGlobalSection
EndGlobal
